
Microsoft Visual Studio Solution File, Format Version 12.00
# Visual Studio Version 16
VisualStudioVersion = 16.0.31702.278
MinimumVisualStudioVersion = 10.0.40219.1
Project("{9A19103F-16F7-4668-BE54-9A1E7A4F7556}") = "QuanLyKhachSan", "HotelManagement\QuanLyKhachSan.csproj", "{7FA256F4-95B1-4595-997B-77F30CC389F4}"
EndProject
Global
	GlobalSection(SolutionConfigurationPlatforms) = preSolution
		Debug|Any CPU = Debug|Any CPU
		Release|Any CPU = Release|Any CPU
	EndGlobalSection
	GlobalSection(ProjectConfigurationPlatforms) = postSolution
		{7FA256F4-95B1-4595-997B-77F30CC389F4}.Debug|Any CPU.ActiveCfg = Debug|Any CPU
		{7FA256F4-95B1-4595-997B-77F30CC389F4}.Debug|Any CPU.Build.0 = Debug|Any CPU
		{7FA256F4-95B1-4595-997B-77F30CC389F4}.Release|Any CPU.ActiveCfg = Release|Any CPU
		{7FA256F4-95B1-4595-997B-77F30CC389F4}.Release|Any CPU.Build.0 = Release|Any CPU
	EndGlobalSection
	GlobalSection(SolutionProperties) = preSolution
		HideSolutionNode = FALSE
	EndGlobalSection
	GlobalSection(ExtensibilityGlobals) = postSolution
		SolutionGuid = {EE976651-A889-481B-AD36-EF09F5C8C01C}
	EndGlobalSection
EndGlobal
